
Microsoft Visual Studio Solution File, Format Version 12.00
# Visual Studio Version 17
VisualStudioVersion = 17.13.35919.96
MinimumVisualStudioVersion = 10.0.40219.1
Project("{FAE04EC0-301F-11D3-BF4B-00C04F79EFBC}") = "WebApp", "WebApp.csproj", "{C41611CF-5571-43A6-A237-E26B527F2A09}"
EndProject
Project("{FAE04EC0-301F-11D3-BF4B-00C04F79EFBC}") = "WebApp.Domain", "..\Domain\WebApp.Domain.csproj", "{115B9303-0648-4F96-ACF5-1326548B2A1D}"
EndProject
Project("{FAE04EC0-301F-11D3-BF4B-00C04F79EFBC}") = "WebApp.Usecase", "..\Usecase\WebApp.Usecase.csproj", "{871A99F8-CC3B-41D6-9F21-DD04E0503A87}"
EndProject
Project("{FAE04EC0-301F-11D3-BF4B-00C04F79EFBC}") = "WebApp.Infrastructure", "..\Infrastructure\WebApp.Infrastructure.csproj", "{DA274701-D74D-468E-AD89-0C907F463E00}"
EndProject
Global
	GlobalSection(SolutionConfigurationPlatforms) = preSolution
		Debug|Any CPU = Debug|Any CPU
		Release|Any CPU = Release|Any CPU
	EndGlobalSection
	GlobalSection(ProjectConfigurationPlatforms) = postSolution
		{C41611CF-5571-43A6-A237-E26B527F2A09}.Debug|Any CPU.ActiveCfg = Debug|Any CPU
		{C41611CF-5571-43A6-A237-E26B527F2A09}.Debug|Any CPU.Build.0 = Debug|Any CPU
		{C41611CF-5571-43A6-A237-E26B527F2A09}.Release|Any CPU.ActiveCfg = Release|Any CPU
		{C41611CF-5571-43A6-A237-E26B527F2A09}.Release|Any CPU.Build.0 = Release|Any CPU
		{115B9303-0648-4F96-ACF5-1326548B2A1D}.Debug|Any CPU.ActiveCfg = Debug|Any CPU
		{115B9303-0648-4F96-ACF5-1326548B2A1D}.Debug|Any CPU.Build.0 = Debug|Any CPU
		{115B9303-0648-4F96-ACF5-1326548B2A1D}.Release|Any CPU.ActiveCfg = Release|Any CPU
		{115B9303-0648-4F96-ACF5-1326548B2A1D}.Release|Any CPU.Build.0 = Release|Any CPU
		{871A99F8-CC3B-41D6-9F21-DD04E0503A87}.Debug|Any CPU.ActiveCfg = Debug|Any CPU
		{871A99F8-CC3B-41D6-9F21-DD04E0503A87}.Debug|Any CPU.Build.0 = Debug|Any CPU
		{871A99F8-CC3B-41D6-9F21-DD04E0503A87}.Release|Any CPU.ActiveCfg = Release|Any CPU
		{871A99F8-CC3B-41D6-9F21-DD04E0503A87}.Release|Any CPU.Build.0 = Release|Any CPU
		{DA274701-D74D-468E-AD89-0C907F463E00}.Debug|Any CPU.ActiveCfg = Debug|Any CPU
		{DA274701-D74D-468E-AD89-0C907F463E00}.Debug|Any CPU.Build.0 = Debug|Any CPU
		{DA274701-D74D-468E-AD89-0C907F463E00}.Release|Any CPU.ActiveCfg = Release|Any CPU
		{DA274701-D74D-468E-AD89-0C907F463E00}.Release|Any CPU.Build.0 = Release|Any CPU
	EndGlobalSection
	GlobalSection(SolutionProperties) = preSolution
		HideSolutionNode = FALSE
	EndGlobalSection
	GlobalSection(ExtensibilityGlobals) = postSolution
		SolutionGuid = {60A18239-D8FF-42A7-90B5-9D87C0AB8D97}
	EndGlobalSection
EndGlobal
